// !$*UTF8*$!
{
	archiveVersion = 1;
	classes = {
	};
	objectVersion = 46;
	objects = {

/* Begin PBXBuildFile section */
		EBA703451D4147F300D2BA10 /* AppDelegate.swift in Sources */ = {isa = PBXBuildFile; fileRef = EBA703441D4147F300D2BA10 /* AppDelegate.swift */; };
		EBA703471D4147F300D2BA10 /* ViewController.swift in Sources */ = {isa = PBXBuildFile; fileRef = EBA703461D4147F300D2BA10 /* ViewController.swift */; };
		EBA7034A1D4147F300D2BA10 /* Main.storyboard in Resources */ = {isa = PBXBuildFile; fileRef = EBA703481D4147F300D2BA10 /* Main.storyboard */; };
		EBA7034C1D4147F300D2BA10 /* Assets.xcassets in Resources */ = {isa = PBXBuildFile; fileRef = EBA7034B1D4147F300D2BA10 /* Assets.xcassets */; };
		EBA7034F1D4147F300D2BA10 /* LaunchScreen.storyboard in Resources */ = {isa = PBXBuildFile; fileRef = EBA7034D1D4147F300D2BA10 /* LaunchScreen.storyboard */; };
		EBA7035A1D4147F300D2BA10 /* MemeMeTests.swift in Sources */ = {isa = PBXBuildFile; fileRef = EBA703591D4147F300D2BA10 /* MemeMeTests.swift */; };
		EBA703651D4147F300D2BA10 /* MemeMeUITests.swift in Sources */ = {isa = PBXBuildFile; fileRef = EBA703641D4147F300D2BA10 /* MemeMeUITests.swift */; };
		EBB933711D4163D30097FC24 /* Meme.swift in Sources */ = {isa = PBXBuildFile; fileRef = EBB933701D4163D30097FC24 /* Meme.swift */; };
/* End PBXBuildFile section */

/* Begin PBXContainerItemProxy section */
		EBA703561D4147F300D2BA10 /* PBXContainerItemProxy */ = {
			isa = PBXContainerItemProxy;
			containerPortal = EBA703391D4147F300D2BA10 /* Project object */;
			proxyType = 1;
			remoteGlobalIDString = EBA703401D4147F300D2BA10;
			remoteInfo = MemeMe;
		};
		EBA703611D4147F300D2BA10 /* PBXContainerItemProxy */ = {
			isa = PBXContainerItemProxy;
			containerPortal = EBA703391D4147F300D2BA10 /* Project object */;
			proxyType = 1;
			remoteGlobalIDString = EBA703401D4147F300D2BA10;
			remoteInfo = MemeMe;
		};
/* End PBXContainerItemProxy section */

/* Begin PBXFileReference section */
		EBA703411D4147F300D2BA10 /* MemeMe.app */ = {isa = PBXFileReference; explicitFileType = wrapper.application; includeInIndex = 0; path = MemeMe.app; sourceTree = BUILT_PRODUCTS_DIR; };
		EBA703441D4147F300D2BA10 /* AppDelegate.swift */ = {isa = PBXFileReference; lastKnownFileType = sourcecode.swift; path = AppDelegate.swift; sourceTree = "<group>"; };
		EBA703461D4147F300D2BA10 /* ViewController.swift */ = {isa = PBXFileReference; lastKnownFileType = sourcecode.swift; path = ViewController.swift; sourceTree = "<group>"; };
		EBA703491D4147F300D2BA10 /* Base */ = {isa = PBXFileReference; lastKnownFileType = file.storyboard; name = Base; path = Base.lproj/Main.storyboard; sourceTree = "<group>"; };
		EBA7034B1D4147F300D2BA10 /* Assets.xcassets */ = {isa = PBXFileReference; lastKnownFileType = folder.assetcatalog; path = Assets.xcassets; sourceTree = "<group>"; };
		EBA7034E1D4147F300D2BA10 /* Base */ = {isa = PBXFileReference; lastKnownFileType = file.storyboard; name = Base; path = Base.lproj/LaunchScreen.storyboard; sourceTree = "<group>"; };
		EBA703501D4147F300D2BA10 /* Info.plist */ = {isa = PBXFileReference; lastKnownFileType = text.plist.xml; path = Info.plist; sourceTree = "<group>"; };
		EBA703551D4147F300D2BA10 /* MemeMeTests.xctest */ = {isa = PBXFileReference; explicitFileType = wrapper.cfbundle; includeInIndex = 0; path = MemeMeTests.xctest; sourceTree = BUILT_PRODUCTS_DIR; };
		EBA703591D4147F300D2BA10 /* MemeMeTests.swift */ = {isa = PBXFileReference; lastKnownFileType = sourcecode.swift; path = MemeMeTests.swift; sourceTree = "<group>"; };
		EBA7035B1D4147F300D2BA10 /* Info.plist */ = {isa = PBXFileReference; lastKnownFileType = text.plist.xml; path = Info.plist; sourceTree = "<group>"; };
		EBA703601D4147F300D2BA10 /* MemeMeUITests.xctest */ = {isa = PBXFileReference; explicitFileType = wrapper.cfbundle; includeInIndex = 0; path = MemeMeUITests.xctest; sourceTree = BUILT_PRODUCTS_DIR; };
		EBA703641D4147F300D2BA10 /* MemeMeUITests.swift */ = {isa = PBXFileReference; lastKnownFileType = sourcecode.swift; path = MemeMeUITests.swift; sourceTree = "<group>"; };
		EBA703661D4147F300D2BA10 /* Info.plist */ = {isa = PBXFileReference; lastKnownFileType = text.plist.xml; path = Info.plist; sourceTree = "<group>"; };
		EBB933701D4163D30097FC24 /* Meme.swift */ = {isa = PBXFileReference; fileEncoding = 4; lastKnownFileType = sourcecode.swift; path = Meme.swift; sourceTree = "<group>"; };
/* End PBXFileReference section */

/* Begin PBXFrameworksBuildPhase section */
		EBA7033E1D4147F300D2BA10 /* Frameworks */ = {
			isa = PBXFrameworksBuildPhase;
			buildActionMask = 2147483647;
			files = (
			);
			runOnlyForDeploymentPostprocessing = 0;
		};
		EBA703521D4147F300D2BA10 /* Frameworks */ = {
			isa = PBXFrameworksBuildPhase;
			buildActionMask = 2147483647;
			files = (
			);
			runOnlyForDeploymentPostprocessing = 0;
		};
		EBA7035D1D4147F300D2BA10 /* Frameworks */ = {
			isa = PBXFrameworksBuildPhase;
			buildActionMask = 2147483647;
			files = (
			);
			runOnlyForDeploymentPostprocessing = 0;
		};
/* End PBXFrameworksBuildPhase section */

/* Begin PBXGroup section */
		EBA703381D4147F300D2BA10 = {
			isa = PBXGroup;
			children = (
				EBA703431D4147F300D2BA10 /* MemeMe */,
				EBA703581D4147F300D2BA10 /* MemeMeTests */,
				EBA703631D4147F300D2BA10 /* MemeMeUITests */,
				EBA703421D4147F300D2BA10 /* Products */,
			);
			sourceTree = "<group>";
		};
		EBA703421D4147F300D2BA10 /* Products */ = {
			isa = PBXGroup;
			children = (
				EBA703411D4147F300D2BA10 /* MemeMe.app */,
				EBA703551D4147F300D2BA10 /* MemeMeTests.xctest */,
				EBA703601D4147F300D2BA10 /* MemeMeUITests.xctest */,
			);
			name = Products;
			sourceTree = "<group>";
		};
		EBA703431D4147F300D2BA10 /* MemeMe */ = {
			isa = PBXGroup;
			children = (
				EBA703441D4147F300D2BA10 /* AppDelegate.swift */,
				EBB933701D4163D30097FC24 /* Meme.swift */,
				EBA703461D4147F300D2BA10 /* ViewController.swift */,
				EBA703481D4147F300D2BA10 /* Main.storyboard */,
				EBA7034B1D4147F300D2BA10 /* Assets.xcassets */,
				EBA7034D1D4147F300D2BA10 /* LaunchScreen.storyboard */,
				EBA703501D4147F300D2BA10 /* Info.plist */,
			);
			path = MemeMe;
			sourceTree = "<group>";
		};
		EBA703581D4147F300D2BA10 /* MemeMeTests */ = {
			isa = PBXGroup;
			children = (
				EBA703591D4147F300D2BA10 /* MemeMeTests.swift */,
				EBA7035B1D4147F300D2BA10 /* Info.plist */,
			);
			path = MemeMeTests;
			sourceTree = "<group>";
		};
		EBA703631D4147F300D2BA10 /* MemeMeUITests */ = {
			isa = PBXGroup;
			children = (
				EBA703641D4147F300D2BA10 /* MemeMeUITests.swift */,
				EBA703661D4147F300D2BA10 /* Info.plist */,
			);
			path = MemeMeUITests;
			sourceTree = "<group>";
		};
/* End PBXGroup section */

/* Begin PBXNativeTarget section */
		EBA703401D4147F300D2BA10 /* MemeMe */ = {
			isa = PBXNativeTarget;
			buildConfigurationList = EBA703691D4147F300D2BA10 /* Build configuration list for PBXNativeTarget "MemeMe" */;
			buildPhases = (
				EBA7033D1D4147F300D2BA10 /* Sources */,
				EBA7033E1D4147F300D2BA10 /* Frameworks */,
				EBA7033F1D4147F300D2BA10 /* Resources */,
			);
			buildRules = (
			);
			dependencies = (
			);
			name = MemeMe;
			productName = MemeMe;
			productReference = EBA703411D4147F300D2BA10 /* MemeMe.app */;
			productType = "com.apple.product-type.application";
		};
		EBA703541D4147F300D2BA10 /* MemeMeTests */ = {
			isa = PBXNativeTarget;
			buildConfigurationList = EBA7036C1D4147F300D2BA10 /* Build configuration list for PBXNativeTarget "MemeMeTests" */;
			buildPhases = (
				EBA703511D4147F300D2BA10 /* Sources */,
				EBA703521D4147F300D2BA10 /* Frameworks */,
				EBA703531D4147F300D2BA10 /* Resources */,
			);
			buildRules = (
			);
			dependencies = (
				EBA703571D4147F300D2BA10 /* PBXTargetDependency */,
			);
			name = MemeMeTests;
			productName = MemeMeTests;
			productReference = EBA703551D4147F300D2BA10 /* MemeMeTests.xctest */;
			productType = "com.apple.product-type.bundle.unit-test";
		};
		EBA7035F1D4147F300D2BA10 /* MemeMeUITests */ = {
			isa = PBXNativeTarget;
			buildConfigurationList = EBA7036F1D4147F300D2BA10 /* Build configuration list for PBXNativeTarget "MemeMeUITests" */;
			buildPhases = (
				EBA7035C1D4147F300D2BA10 /* Sources */,
				EBA7035D1D4147F300D2BA10 /* Frameworks */,
				EBA7035E1D4147F300D2BA10 /* Resources */,
			);
			buildRules = (
			);
			dependencies = (
				EBA703621D4147F300D2BA10 /* PBXTargetDependency */,
			);
			name = MemeMeUITests;
			productName = MemeMeUITests;
			productReference = EBA703601D4147F300D2BA10 /* MemeMeUITests.xctest */;
			productType = "com.apple.product-type.bundle.ui-testing";
		};
/* End PBXNativeTarget section */

/* Begin PBXProject section */
		EBA703391D4147F300D2BA10 /* Project object */ = {
			isa = PBXProject;
			attributes = {
				LastSwiftUpdateCheck = 0730;
				LastUpgradeCheck = 0730;
				ORGANIZATIONNAME = "Lazar Nikolov";
				TargetAttributes = {
					EBA703401D4147F300D2BA10 = {
						CreatedOnToolsVersion = 7.3;
						DevelopmentTeam = 7XX8K2NVSG;
					};
					EBA703541D4147F300D2BA10 = {
						CreatedOnToolsVersion = 7.3;
						TestTargetID = EBA703401D4147F300D2BA10;
					};
					EBA7035F1D4147F300D2BA10 = {
						CreatedOnToolsVersion = 7.3;
						TestTargetID = EBA703401D4147F300D2BA10;
					};
				};
			};
			buildConfigurationList = EBA7033C1D4147F300D2BA10 /* Build configuration list for PBXProject "MemeMe" */;
			compatibilityVersion = "Xcode 3.2";
			developmentRegion = English;
			hasScannedForEncodings = 0;
			knownRegions = (
				en,
				Base,
			);
			mainGroup = EBA703381D4147F300D2BA10;
			productRefGroup = EBA703421D4147F300D2BA10 /* Products */;
			projectDirPath = "";
			projectRoot = "";
			targets = (
				EBA703401D4147F300D2BA10 /* MemeMe */,
				EBA703541D4147F300D2BA10 /* MemeMeTests */,
				EBA7035F1D4147F300D2BA10 /* MemeMeUITests */,
			);
		};
/* End PBXProject section */

/* Begin PBXResourcesBuildPhase section */
		EBA7033F1D4147F300D2BA10 /* Resources */ = {
			isa = PBXResourcesBuildPhase;
			buildActionMask = 2147483647;
			files = (
				EBA7034F1D4147F300D2BA10 /* LaunchScreen.storyboard in Resources */,
				EBA7034C1D4147F300D2BA10 /* Assets.xcassets in Resources */,
				EBA7034A1D4147F300D2BA10 /* Main.storyboard in Resources */,
			);
			runOnlyForDeploymentPostprocessing = 0;
		};
		EBA703531D4147F300D2BA10 /* Resources */ = {
			isa = PBXResourcesBuildPhase;
			buildActionMask = 2147483647;
			files = (
			);
			runOnlyForDeploymentPostprocessing = 0;
		};
		EBA7035E1D4147F300D2BA10 /* Resources */ = {
			isa = PBXResourcesBuildPhase;
			buildActionMask = 2147483647;
			files = (
			);
			runOnlyForDeploymentPostprocessing = 0;
		};
/* End PBXResourcesBuildPhase section */

/* Begin PBXSourcesBuildPhase section */
		EBA7033D1D4147F300D2BA10 /* Sources */ = {
			isa = PBXSourcesBuildPhase;
			buildActionMask = 2147483647;
			files = (
				EBB933711D4163D30097FC24 /* Meme.swift in Sources */,
				EBA703471D4147F300D2BA10 /* ViewController.swift in Sources */,
				EBA703451D4147F300D2BA10 /* AppDelegate.swift in Sources */,
			);
			runOnlyForDeploymentPostprocessing = 0;
		};
		EBA703511D4147F300D2BA10 /* Sources */ = {
			isa = PBXSourcesBuildPhase;
			buildActionMask = 2147483647;
			files = (
				EBA7035A1D4147F300D2BA10 /* MemeMeTests.swift in Sources */,
			);
			runOnlyForDeploymentPostprocessing = 0;
		};
		EBA7035C1D4147F300D2BA10 /* Sources */ = {
			isa = PBXSourcesBuildPhase;
			buildActionMask = 2147483647;
			files = (
				EBA703651D4147F300D2BA10 /* MemeMeUITests.swift in Sources */,
			);
			runOnlyForDeploymentPostprocessing = 0;
		};
/* End PBXSourcesBuildPhase section */

/* Begin PBXTargetDependency section */
		EBA703571D4147F300D2BA10 /* PBXTargetDependency */ = {
			isa = PBXTargetDependency;
			target = EBA703401D4147F300D2BA10 /* MemeMe */;
			targetProxy = EBA703561D4147F300D2BA10 /* PBXContainerItemProxy */;
		};
		EBA703621D4147F300D2BA10 /* PBXTargetDependency */ = {
			isa = PBXTargetDependency;
			target = EBA703401D4147F300D2BA10 /* MemeMe */;
			targetProxy = EBA703611D4147F300D2BA10 /* PBXContainerItemProxy */;
		};
/* End PBXTargetDependency section */

/* Begin PBXVariantGroup section */
		EBA703481D4147F300D2BA10 /* Main.storyboard */ = {
			isa = PBXVariantGroup;
			children = (
				EBA703491D4147F300D2BA10 /* Base */,
			);
			name = Main.storyboard;
			sourceTree = "<group>";
		};
		EBA7034D1D4147F300D2BA10 /* LaunchScreen.storyboard */ = {
			isa = PBXVariantGroup;
			children = (
				EBA7034E1D4147F300D2BA10 /* Base */,
			);
			name = LaunchScreen.storyboard;
			sourceTree = "<group>";
		};
/* End PBXVariantGroup section */

/* Begin XCBuildConfiguration section */
		EBA703671D4147F300D2BA10 /* Debug */ = {
			isa = XCBuildConfiguration;
			buildSettings = {
				ALWAYS_SEARCH_USER_PATHS = NO;
				CLANG_ANALYZER_NONNULL = YES;
				CLANG_CXX_LANGUAGE_STANDARD = "gnu++0x";
				CLANG_CXX_LIBRARY = "libc++";
				CLANG_ENABLE_MODULES = YES;
				CLANG_ENABLE_OBJC_ARC = YES;
				CLANG_WARN_BOOL_CONVERSION = YES;
				CLANG_WARN_CONSTANT_CONVERSION = YES;
				CLANG_WARN_DIRECT_OBJC_ISA_USAGE = YES_ERROR;
				CLANG_WARN_EMPTY_BODY = YES;
				CLANG_WARN_ENUM_CONVERSION = YES;
				CLANG_WARN_INT_CONVERSION = YES;
				CLANG_WARN_OBJC_ROOT_CLASS = YES_ERROR;
				CLANG_WARN_UNREACHABLE_CODE = YES;
				CLANG_WARN__DUPLICATE_METHOD_MATCH = YES;
				"CODE_SIGN_IDENTITY[sdk=iphoneos*]" = "iPhone Developer";
				COPY_PHASE_STRIP = NO;
				DEBUG_INFORMATION_FORMAT = dwarf;
				ENABLE_STRICT_OBJC_MSGSEND = YES;
				ENABLE_TESTABILITY = YES;
				GCC_C_LANGUAGE_STANDARD = gnu99;
				GCC_DYNAMIC_NO_PIC = NO;
				GCC_NO_COMMON_BLOCKS = YES;
				GCC_OPTIMIZATION_LEVEL = 0;
				GCC_PREPROCESSOR_DEFINITIONS = (
					"DEBUG=1",
					"$(inherited)",
				);
				GCC_WARN_64_TO_32_BIT_CONVERSION = YES;
				GCC_WARN_ABOUT_RETURN_TYPE = YES_ERROR;
				GCC_WARN_UNDECLARED_SELECTOR = YES;
				GCC_WARN_UNINITIALIZED_AUTOS = YES_AGGRESSIVE;
				GCC_WARN_UNUSED_FUNCTION = YES;
				GCC_WARN_UNUSED_VARIABLE = YES;
				IPHONEOS_DEPLOYMENT_TARGET = 9.3;
				MTL_ENABLE_DEBUG_INFO = YES;
				ONLY_ACTIVE_ARCH = YES;
				SDKROOT = iphoneos;
				SWIFT_OPTIMIZATION_LEVEL = "-Onone";
				TARGETED_DEVICE_FAMILY = "1,2";
			};
			name = Debug;
		};
		EBA703681D4147F300D2BA10 /* Release */ = {
			isa = XCBuildConfiguration;
			buildSettings = {
				ALWAYS_SEARCH_USER_PATHS = NO;
				CLANG_ANALYZER_NONNULL = YES;
				CLANG_CXX_LANGUAGE_STANDARD = "gnu++0x";
				CLANG_CXX_LIBRARY = "libc++";
				CLANG_ENABLE_MODULES = YES;
				CLANG_ENABLE_OBJC_ARC = YES;
				CLANG_WARN_BOOL_CONVERSION = YES;
				CLANG_WARN_CONSTANT_CONVERSION = YES;
				CLANG_WARN_DIRECT_OBJC_ISA_USAGE = YES_ERROR;
				CLANG_WARN_EMPTY_BODY = YES;
				CLANG_WARN_ENUM_CONVERSION = YES;
				CLANG_WARN_INT_CONVERSION = YES;
				CLANG_WARN_OBJC_ROOT_CLASS = YES_ERROR;
				CLANG_WARN_UNREACHABLE_CODE = YES;
				CLANG_WARN__DUPLICATE_METHOD_MATCH = YES;
				"CODE_SIGN_IDENTITY[sdk=iphoneos*]" = "iPhone Developer";
				COPY_PHASE_STRIP = NO;
				DEBUG_INFORMATION_FORMAT = "dwarf-with-dsym";
				ENABLE_NS_ASSERTIONS = NO;
				ENABLE_STRICT_OBJC_MSGSEND = YES;
				GCC_C_LANGUAGE_STANDARD = gnu99;
				GCC_NO_COMMON_BLOCKS = YES;
				GCC_WARN_64_TO_32_BIT_CONVERSION = YES;
				GCC_WARN_ABOUT_RETURN_TYPE = YES_ERROR;
				GCC_WARN_UNDECLARED_SELECTOR = YES;
				GCC_WARN_UNINITIALIZED_AUTOS = YES_AGGRESSIVE;
				GCC_WARN_UNUSED_FUNCTION = YES;
				GCC_WARN_UNUSED_VARIABLE = YES;
				IPHONEOS_DEPLOYMENT_TARGET = 9.3;
				MTL_ENABLE_DEBUG_INFO = NO;
				SDKROOT = iphoneos;
				TARGETED_DEVICE_FAMILY = "1,2";
				VALIDATE_PRODUCT = YES;
			};
			name = Release;
		};
		EBA7036A1D4147F300D2BA10 /* Debug */ = {
			isa = XCBuildConfiguration;
			buildSettings = {
				ASSETCATALOG_COMPILER_APPICON_NAME = AppIcon;
				CODE_SIGN_IDENTITY = "iPhone Developer";
				"CODE_SIGN_IDENTITY[sdk=iphoneos*]" = "iPhone Developer";
				INFOPLIST_FILE = MemeMe/Info.plist;
				LD_RUNPATH_SEARCH_PATHS = "$(inherited) @executable_path/Frameworks";
				PRODUCT_BUNDLE_IDENTIFIER = com.lazarnikolov.MemeMe;
				PRODUCT_NAME = "$(TARGET_NAME)";
				PROVISIONING_PROFILE = "";
			};
			name = Debug;
		};
		EBA7036B1D4147F300D2BA10 /* Release */ = {
			isa = XCBuildConfiguration;
			buildSettings = {
				ASSETCATALOG_COMPILER_APPICON_NAME = AppIcon;
				CODE_SIGN_IDENTITY = "iPhone Developer";
				"CODE_SIGN_IDENTITY[sdk=iphoneos*]" = "iPhone Developer";
				INFOPLIST_FILE = MemeMe/Info.plist;
				LD_RUNPATH_SEARCH_PATHS = "$(inherited) @executable_path/Frameworks";
				PRODUCT_BUNDLE_IDENTIFIER = com.lazarnikolov.MemeMe;
				PRODUCT_NAME = "$(TARGET_NAME)";
				PROVISIONING_PROFILE = "";
			};
			name = Release;
		};
		EBA7036D1D4147F300D2BA10 /* Debug */ = {
			isa = XCBuildConfiguration;
			buildSettings = {
				BUNDLE_LOADER = "$(TEST_HOST)";
				INFOPLIST_FILE = MemeMeTests/Info.plist;
				LD_RUNPATH_SEARCH_PATHS = "$(inherited) @executable_path/Frameworks @loader_path/Frameworks";
				PRODUCT_BUNDLE_IDENTIFIER = com.lazarnikolov.MemeMeTests;
				PRODUCT_NAME = "$(TARGET_NAME)";
				TEST_HOST = "$(BUILT_PRODUCTS_DIR)/MemeMe.app/MemeMe";
			};
			name = Debug;
		};
		EBA7036E1D4147F300D2BA10 /* Release */ = {
			isa = XCBuildConfiguration;
			buildSettings = {
				BUNDLE_LOADER = "$(TEST_HOST)";
				INFOPLIST_FILE = MemeMeTests/Info.plist;
				LD_RUNPATH_SEARCH_PATHS = "$(inherited) @executable_path/Frameworks @loader_path/Frameworks";
				PRODUCT_BUNDLE_IDENTIFIER = com.lazarnikolov.MemeMeTests;
				PRODUCT_NAME = "$(TARGET_NAME)";
				TEST_HOST = "$(BUILT_PRODUCTS_DIR)/MemeMe.app/MemeMe";
			};
			name = Release;
		};
		EBA703701D4147F300D2BA10 /* Debug */ = {
			isa = XCBuildConfiguration;
			buildSettings = {
				INFOPLIST_FILE = MemeMeUITests/Info.plist;
				LD_RUNPATH_SEARCH_PATHS = "$(inherited) @executable_path/Frameworks @loader_path/Frameworks";
				PRODUCT_BUNDLE_IDENTIFIER = com.lazarnikolov.MemeMeUITests;
				PRODUCT_NAME = "$(TARGET_NAME)";
				TEST_TARGET_NAME = MemeMe;
			};
			name = Debug;
		};
		EBA703711D4147F300D2BA10 /* Release */ = {
			isa = XCBuildConfiguration;
			buildSettings = {
				INFOPLIST_FILE = MemeMeUITests/Info.plist;
				LD_RUNPATH_SEARCH_PATHS = "$(inherited) @executable_path/Frameworks @loader_path/Frameworks";
				PRODUCT_BUNDLE_IDENTIFIER = com.lazarnikolov.MemeMeUITests;
				PRODUCT_NAME = "$(TARGET_NAME)";
				TEST_TARGET_NAME = MemeMe;
			};
			name = Release;
		};
/* End XCBuildConfiguration section */

/* Begin XCConfigurationList section */
		EBA7033C1D4147F300D2BA10 /* Build configuration list for PBXProject "MemeMe" */ = {
			isa = XCConfigurationList;
			buildConfigurations = (
				EBA703671D4147F300D2BA10 /* Debug */,
				EBA703681D4147F300D2BA10 /* Release */,
			);
			defaultConfigurationIsVisible = 0;
			defaultConfigurationName = Release;
		};
		EBA703691D4147F300D2BA10 /* Build configuration list for PBXNativeTarget "MemeMe" */ = {
			isa = XCConfigurationList;
			buildConfigurations = (
				EBA7036A1D4147F300D2BA10 /* Debug */,
				EBA7036B1D4147F300D2BA10 /* Release */,
			);
			defaultConfigurationIsVisible = 0;
			defaultConfigurationName = Release;
		};
		EBA7036C1D4147F300D2BA10 /* Build configuration list for PBXNativeTarget "MemeMeTests" */ = {
			isa = XCConfigurationList;
			buildConfigurations = (
				EBA7036D1D4147F300D2BA10 /* Debug */,
				EBA7036E1D4147F300D2BA10 /* Release */,
			);
			defaultConfigurationIsVisible = 0;
			defaultConfigurationName = Release;
		};
		EBA7036F1D4147F300D2BA10 /* Build configuration list for PBXNativeTarget "MemeMeUITests" */ = {
			isa = XCConfigurationList;
			buildConfigurations = (
				EBA703701D4147F300D2BA10 /* Debug */,
				EBA703711D4147F300D2BA10 /* Release */,
			);
			defaultConfigurationIsVisible = 0;
			defaultConfigurationName = Release;
		};
/* End XCConfigurationList section */
	};
	rootObject = EBA703391D4147F300D2BA10 /* Project object */;
}
